<?xml version="1.0" encoding="utf-8"?>
<Project ToolsVersion="4.0" xmlns="http://schemas.microsoft.com/developer/msbuild/2003">
  <ItemGroup>
    <ClCompile Include="gravsim.cpp">
      <Filter>Source Files</Filter>
    </ClCompile>
    <ClCompile Include="mainWnd.cpp">
      <Filter>Source Files</Filter>
    </ClCompile>
    <ClCompile Include="simPropertiesDlg.cpp">
      <Filter>Source Files</Filter>
    </ClCompile>
    <ClCompile Include="simWorker.cpp">
      <Filter>Source Files</Filter>
    </ClCompile>
    <ClCompile Include="utiity.cpp">
      <Filter>Source Files</Filter>
    </ClCompile>
    <ClCompile Include="2DGraphicsView.cpp">
      <Filter>Source Files</Filter>
    </ClCompile>
    <ClCompile Include="detailsDlg.cpp">
      <Filter>Source Files</Filter>
    </ClCompile>
  </ItemGroup>
  <ItemGroup>
    <ClInclude Include="common.h">
      <Filter>Header Files</Filter>
    </ClInclude>
    <ClInclude Include="constants.h">
      <Filter>Header Files</Filter>
    </ClInclude>
    <ClInclude Include="detailsDlg.h">
      <Filter>Header Files</Filter>
    </ClInclude>
  </ItemGroup>
  <ItemGroup>
    <QtMoc Include="mainWnd.h">
      <Filter>Header Files</Filter>
    </QtMoc>
    <QtMoc Include="simPropertiesDlg.h">
      <Filter>Header Files</Filter>
    </QtMoc>
    <QtMoc Include="simWorker.h">
      <Filter>Header Files</Filter>
    </QtMoc>
    <QtMoc Include="2DGraphicsView.h">
      <Filter>Header Files</Filter>
    </QtMoc>
  </ItemGroup>
  <ItemGroup>
    <Filter Include="Header Files">
      <UniqueIdentifier>{babcafaf-7128-4845-a987-b77210f3fa9d}</UniqueIdentifier>
    </Filter>
    <Filter Include="Source Files">
      <UniqueIdentifier>{deda45cf-3afd-4386-aab2-eacf20905d6b}</UniqueIdentifier>
    </Filter>
    <Filter Include="input files">
      <UniqueIdentifier>{a467ef7e-6f15-418a-ac01-552c14e0a6d0}</UniqueIdentifier>
    </Filter>
  </ItemGroup>
  <ItemGroup>
    <None Include="earthOnly.json">
      <Filter>input files</Filter>
    </None>
    <None Include="innerPlanets.json">
      <Filter>input files</Filter>
    </None>
    <None Include="solarSystem.json">
      <Filter>input files</Filter>
    </None>
  </ItemGroup>
</Project>